
Microsoft Visual Studio Solution File, Format Version 12.00
# Visual Studio Version 16
VisualStudioVersion = 16.0.32002.261
MinimumVisualStudioVersion = 10.0.40219.1
Project("{FAE04EC0-301F-11D3-BF4B-00C04F79EFBC}") = "fibbonachi", "fibbonachi\fibbonachi.csproj", "{C847C25B-D5C3-4F8B-AF39-5A8CC55B5A57}"
EndProject
Project("{FAE04EC0-301F-11D3-BF4B-00C04F79EFBC}") = "HomeWork", "HomeWork\HomeWork.csproj", "{088DDCBF-F4B3-4632-AB3E-B50AFE87A558}"
EndProject
Project("{FAE04EC0-301F-11D3-BF4B-00C04F79EFBC}") = "EvAlqiSatqisi", "EvAlqiSatqisi\EvAlqiSatqisi.csproj", "{8E388AEF-644E-4BD6-9F02-1D879FC0A40F}"
EndProject
Global
	GlobalSection(SolutionConfigurationPlatforms) = preSolution
		Debug|Any CPU = Debug|Any CPU
		Release|Any CPU = Release|Any CPU
	EndGlobalSection
	GlobalSection(ProjectConfigurationPlatforms) = postSolution
		{C847C25B-D5C3-4F8B-AF39-5A8CC55B5A57}.Debug|Any CPU.ActiveCfg = Debug|Any CPU
		{C847C25B-D5C3-4F8B-AF39-5A8CC55B5A57}.Debug|Any CPU.Build.0 = Debug|Any CPU
		{C847C25B-D5C3-4F8B-AF39-5A8CC55B5A57}.Release|Any CPU.ActiveCfg = Release|Any CPU
		{C847C25B-D5C3-4F8B-AF39-5A8CC55B5A57}.Release|Any CPU.Build.0 = Release|Any CPU
		{088DDCBF-F4B3-4632-AB3E-B50AFE87A558}.Debug|Any CPU.ActiveCfg = Debug|Any CPU
		{088DDCBF-F4B3-4632-AB3E-B50AFE87A558}.Debug|Any CPU.Build.0 = Debug|Any CPU
		{088DDCBF-F4B3-4632-AB3E-B50AFE87A558}.Release|Any CPU.ActiveCfg = Release|Any CPU
		{088DDCBF-F4B3-4632-AB3E-B50AFE87A558}.Release|Any CPU.Build.0 = Release|Any CPU
		{8E388AEF-644E-4BD6-9F02-1D879FC0A40F}.Debug|Any CPU.ActiveCfg = Debug|Any CPU
		{8E388AEF-644E-4BD6-9F02-1D879FC0A40F}.Debug|Any CPU.Build.0 = Debug|Any CPU
		{8E388AEF-644E-4BD6-9F02-1D879FC0A40F}.Release|Any CPU.ActiveCfg = Release|Any CPU
		{8E388AEF-644E-4BD6-9F02-1D879FC0A40F}.Release|Any CPU.Build.0 = Release|Any CPU
	EndGlobalSection
	GlobalSection(SolutionProperties) = preSolution
		HideSolutionNode = FALSE
	EndGlobalSection
	GlobalSection(ExtensibilityGlobals) = postSolution
		SolutionGuid = {677BCA80-7622-46DC-90C0-866DD34D170E}
	EndGlobalSection
EndGlobal
